
Microsoft Visual Studio Solution File, Format Version 12.00
# Visual Studio Version 17
VisualStudioVersion = 17.5.33502.453
MinimumVisualStudioVersion = 10.0.40219.1
Project("{2150E333-8FDC-42A3-9474-1A3956D46DE8}") = "src", "src", "{CA8A242A-19FE-4136-A354-B0C06BF1EE5A}"
EndProject
Project("{2150E333-8FDC-42A3-9474-1A3956D46DE8}") = "test", "test", "{99F6241C-47CA-4BE9-BB71-E1065A6E6B65}"
EndProject
Project("{2150E333-8FDC-42A3-9474-1A3956D46DE8}") = "webapi", "webapi", "{74A698E9-8E57-489E-B39D-E26F5AFF54C1}"
EndProject
Project("{9A19103F-16F7-4668-BE54-9A1E7A4F7556}") = "t1_frame.webapi", "src\webapi\t1_frame.webapi\t1_frame.webapi.csproj", "{A19B628A-0BFF-4B27-A3AE-C02A7D4011C9}"
EndProject
Project("{9A19103F-16F7-4668-BE54-9A1E7A4F7556}") = "t1_frame.test", "test\t1_frame.test\t1_frame.test.csproj", "{50299997-981A-47B6-A996-42213D059F50}"
EndProject
Project("{2150E333-8FDC-42A3-9474-1A3956D46DE8}") = "common", "common", "{8CA9A4EC-51AE-4502-A1D8-3CDD3FB87D88}"
EndProject
Project("{2150E333-8FDC-42A3-9474-1A3956D46DE8}") = "application", "application", "{FE8E11EE-BE7F-41C6-8211-56E99D83E827}"
EndProject
Project("{2150E333-8FDC-42A3-9474-1A3956D46DE8}") = "core", "core", "{D4D9EA6F-DEE9-4D28-9970-F0AD87B37A7B}"
EndProject
Project("{9A19103F-16F7-4668-BE54-9A1E7A4F7556}") = "t1_frame.application", "src\application\t1_frame.application\t1_frame.application.csproj", "{F78A2059-85AA-44AE-9BDD-049EADDA9BDC}"
EndProject
Project("{9A19103F-16F7-4668-BE54-9A1E7A4F7556}") = "t1_frame.common", "src\common\t1_frame.common\t1_frame.common.csproj", "{1B215C7F-A9E2-4E76-9215-8A0FC2EF771F}"
EndProject
Project("{9A19103F-16F7-4668-BE54-9A1E7A4F7556}") = "t1_frame.domain", "src\core\t1_frame.domain\t1_frame.domain.csproj", "{3223B629-5CC1-4CDE-A895-8EF6EB79950B}"
EndProject
Project("{9A19103F-16F7-4668-BE54-9A1E7A4F7556}") = "t1_frame.entityframeworkcore", "src\core\t1_frame.entityframeworkcore\t1_frame.entityframeworkcore.csproj", "{0022A922-61E2-4C1D-A84C-25D8417015A7}"
EndProject
Project("{9A19103F-16F7-4668-BE54-9A1E7A4F7556}") = "t1_frame.entityframeworkcore.migrations", "src\core\t1_frame.entityframeworkcore.migrations\t1_frame.entityframeworkcore.migrations.csproj", "{89B45774-7102-4A7F-A0B0-029C13D1F602}"
EndProject
Project("{9A19103F-16F7-4668-BE54-9A1E7A4F7556}") = "t1_frame.dbfirst", "src\core\t1_frame.dbfirst\t1_frame.dbfirst.csproj", "{95D64551-D3AB-4FD5-A437-D40E0407E835}"
EndProject
Project("{9A19103F-16F7-4668-BE54-9A1E7A4F7556}") = "t1_frame.t4_template", "src\common\t1_frame.t4_template\t1_frame.t4_template.csproj", "{35523DB3-F7C9-4120-BE75-1D00E6805499}"
EndProject
Project("{9A19103F-16F7-4668-BE54-9A1E7A4F7556}") = "t1_frame.template", "test\t1_frame.template\t1_frame.template.csproj", "{506C1070-3138-4CE1-AC26-84C40C4EFB84}"
EndProject
Project("{9A19103F-16F7-4668-BE54-9A1E7A4F7556}") = "t1_frame_console", "test\t1_frame_console\t1_frame_console.csproj", "{35EEB121-877F-48C8-92CF-426F979C8E87}"
EndProject
Project("{9A19103F-16F7-4668-BE54-9A1E7A4F7556}") = "t1_frame_library", "test\t1_frame_library\t1_frame_library.csproj", "{69800FA6-8C56-4489-A5BE-3052DC56A98E}"
EndProject
Project("{9A19103F-16F7-4668-BE54-9A1E7A4F7556}") = "t1_frame_wpf", "test\t1_frame_wpf\t1_frame_wpf.csproj", "{390A895F-DA72-448A-A2E9-9168B12BD5E3}"
EndProject
Project("{9A19103F-16F7-4668-BE54-9A1E7A4F7556}") = "t1_frame.webapi", "test\t1_frame.webapi\t1_frame.webapi.csproj", "{B910EC26-7EEC-4290-8101-9A093798D4C9}"
EndProject
Project("{9A19103F-16F7-4668-BE54-9A1E7A4F7556}") = "t1_frame_rabbitmq_producer", "test\t1_frame_rabbitmq_producer\t1_frame_rabbitmq_producer.csproj", "{907ADEF8-4A89-4F9A-BBB3-0655B6DBE998}"
EndProject
Project("{9A19103F-16F7-4668-BE54-9A1E7A4F7556}") = "t1_frame_rabbitmq_consumer", "test\t1_frame_rabbitmq_consumer\t1_frame_rabbitmq_consumer.csproj", "{B682D6C6-8D67-4ADA-B896-21716C86AD8B}"
EndProject
Project("{9A19103F-16F7-4668-BE54-9A1E7A4F7556}") = "t1_frame_rabbitmq_rpc", "test\t1_frame_rabbitmq_rpc\t1_frame_rabbitmq_rpc.csproj", "{1360E5B2-31CC-4748-B59B-28B46541D8C6}"
EndProject
Project("{9A19103F-16F7-4668-BE54-9A1E7A4F7556}") = "t1_frame.core", "src\common\t1_frame.core\t1_frame.core.csproj", "{BDA59615-1703-4AAE-B892-4FCF2AB11D94}"
EndProject
Project("{9A19103F-16F7-4668-BE54-9A1E7A4F7556}") = "t1_frame_masstransit", "test\t1_frame_masstransit\t1_frame_masstransit.csproj", "{49779DB0-C59E-458F-8F1F-53BFADAD110E}"
EndProject
Project("{9A19103F-16F7-4668-BE54-9A1E7A4F7556}") = "t1_frame.log", "src\common\t1_frame.log\t1_frame.log.csproj", "{29687275-6F88-4A45-8661-F0F637E51E81}"
EndProject
Project("{9A19103F-16F7-4668-BE54-9A1E7A4F7556}") = "t1_frame.condition", "src\application\t1_frame.condition\t1_frame.condition.csproj", "{545078C8-8593-4FA4-847B-C1CE8787AE4E}"
EndProject
Project("{9A19103F-16F7-4668-BE54-9A1E7A4F7556}") = "t1_frame.webapi_3.1", "test\t1_frame.webapi_3.1\t1_frame.webapi_3.1.csproj", "{5667C079-DC6A-48A5-BCB7-7BF0A4B2FBAF}"
EndProject
Project("{9A19103F-16F7-4668-BE54-9A1E7A4F7556}") = "t1_frame_worker", "test\t1_frame_worker\t1_frame_worker.csproj", "{9BBC296A-203A-4796-BBE3-417DFF98DF7A}"
EndProject
Project("{9A19103F-16F7-4668-BE54-9A1E7A4F7556}") = "t1_frame.task", "test\t1_frame.task\t1_frame.task.csproj", "{C4A44DFA-0C42-49B0-8963-773CBECE583F}"
EndProject
Project("{9A19103F-16F7-4668-BE54-9A1E7A4F7556}") = "t1_frame.simple", "test\t1_frame.simple\t1_frame.simple.csproj", "{9D38DF84-1DE8-494E-86F2-22773DFC0114}"
EndProject
Project("{9A19103F-16F7-4668-BE54-9A1E7A4F7556}") = "t1_frame.webapi.abp", "src\webapi\t1_frame.webapi.abp\t1_frame.webapi.abp.csproj", "{5C165707-8791-47C6-9102-F74F61205CCA}"
EndProject
Project("{FAE04EC0-301F-11D3-BF4B-00C04F79EFBC}") = "t1_frame.application.abp", "src\application\t1_frame.application.abp\t1_frame.application.abp.csproj", "{491ECA6E-9C8A-4C36-A50E-FFF64158A66F}"
EndProject
Project("{FAE04EC0-301F-11D3-BF4B-00C04F79EFBC}") = "t1_frame.entityframeworkcore.abp", "src\core\t1_frame.entityframeworkcore.abp\t1_frame.entityframeworkcore.abp.csproj", "{E81F0D10-474A-491F-BF13-3CE1E33E4BF3}"
EndProject
Global
	GlobalSection(SolutionConfigurationPlatforms) = preSolution
		Debug|Any CPU = Debug|Any CPU
		Release|Any CPU = Release|Any CPU
	EndGlobalSection
	GlobalSection(ProjectConfigurationPlatforms) = postSolution
		{A19B628A-0BFF-4B27-A3AE-C02A7D4011C9}.Debug|Any CPU.ActiveCfg = Debug|Any CPU
		{A19B628A-0BFF-4B27-A3AE-C02A7D4011C9}.Debug|Any CPU.Build.0 = Debug|Any CPU
		{A19B628A-0BFF-4B27-A3AE-C02A7D4011C9}.Release|Any CPU.ActiveCfg = Release|Any CPU
		{A19B628A-0BFF-4B27-A3AE-C02A7D4011C9}.Release|Any CPU.Build.0 = Release|Any CPU
		{50299997-981A-47B6-A996-42213D059F50}.Debug|Any CPU.ActiveCfg = Debug|Any CPU
		{50299997-981A-47B6-A996-42213D059F50}.Debug|Any CPU.Build.0 = Debug|Any CPU
		{50299997-981A-47B6-A996-42213D059F50}.Release|Any CPU.ActiveCfg = Release|Any CPU
		{50299997-981A-47B6-A996-42213D059F50}.Release|Any CPU.Build.0 = Release|Any CPU
		{F78A2059-85AA-44AE-9BDD-049EADDA9BDC}.Debug|Any CPU.ActiveCfg = Debug|Any CPU
		{F78A2059-85AA-44AE-9BDD-049EADDA9BDC}.Debug|Any CPU.Build.0 = Debug|Any CPU
		{F78A2059-85AA-44AE-9BDD-049EADDA9BDC}.Release|Any CPU.ActiveCfg = Release|Any CPU
		{F78A2059-85AA-44AE-9BDD-049EADDA9BDC}.Release|Any CPU.Build.0 = Release|Any CPU
		{1B215C7F-A9E2-4E76-9215-8A0FC2EF771F}.Debug|Any CPU.ActiveCfg = Debug|Any CPU
		{1B215C7F-A9E2-4E76-9215-8A0FC2EF771F}.Debug|Any CPU.Build.0 = Debug|Any CPU
		{1B215C7F-A9E2-4E76-9215-8A0FC2EF771F}.Release|Any CPU.ActiveCfg = Release|Any CPU
		{1B215C7F-A9E2-4E76-9215-8A0FC2EF771F}.Release|Any CPU.Build.0 = Release|Any CPU
		{3223B629-5CC1-4CDE-A895-8EF6EB79950B}.Debug|Any CPU.ActiveCfg = Debug|Any CPU
		{3223B629-5CC1-4CDE-A895-8EF6EB79950B}.Debug|Any CPU.Build.0 = Debug|Any CPU
		{3223B629-5CC1-4CDE-A895-8EF6EB79950B}.Release|Any CPU.ActiveCfg = Release|Any CPU
		{3223B629-5CC1-4CDE-A895-8EF6EB79950B}.Release|Any CPU.Build.0 = Release|Any CPU
		{0022A922-61E2-4C1D-A84C-25D8417015A7}.Debug|Any CPU.ActiveCfg = Debug|Any CPU
		{0022A922-61E2-4C1D-A84C-25D8417015A7}.Debug|Any CPU.Build.0 = Debug|Any CPU
		{0022A922-61E2-4C1D-A84C-25D8417015A7}.Release|Any CPU.ActiveCfg = Release|Any CPU
		{0022A922-61E2-4C1D-A84C-25D8417015A7}.Release|Any CPU.Build.0 = Release|Any CPU
		{89B45774-7102-4A7F-A0B0-029C13D1F602}.Debug|Any CPU.ActiveCfg = Debug|Any CPU
		{89B45774-7102-4A7F-A0B0-029C13D1F602}.Debug|Any CPU.Build.0 = Debug|Any CPU
		{89B45774-7102-4A7F-A0B0-029C13D1F602}.Release|Any CPU.ActiveCfg = Release|Any CPU
		{89B45774-7102-4A7F-A0B0-029C13D1F602}.Release|Any CPU.Build.0 = Release|Any CPU
		{95D64551-D3AB-4FD5-A437-D40E0407E835}.Debug|Any CPU.ActiveCfg = Debug|Any CPU
		{95D64551-D3AB-4FD5-A437-D40E0407E835}.Debug|Any CPU.Build.0 = Debug|Any CPU
		{95D64551-D3AB-4FD5-A437-D40E0407E835}.Release|Any CPU.ActiveCfg = Release|Any CPU
		{95D64551-D3AB-4FD5-A437-D40E0407E835}.Release|Any CPU.Build.0 = Release|Any CPU
		{35523DB3-F7C9-4120-BE75-1D00E6805499}.Debug|Any CPU.ActiveCfg = Debug|Any CPU
		{35523DB3-F7C9-4120-BE75-1D00E6805499}.Debug|Any CPU.Build.0 = Debug|Any CPU
		{35523DB3-F7C9-4120-BE75-1D00E6805499}.Release|Any CPU.ActiveCfg = Release|Any CPU
		{35523DB3-F7C9-4120-BE75-1D00E6805499}.Release|Any CPU.Build.0 = Release|Any CPU
		{506C1070-3138-4CE1-AC26-84C40C4EFB84}.Debug|Any CPU.ActiveCfg = Debug|Any CPU
		{506C1070-3138-4CE1-AC26-84C40C4EFB84}.Debug|Any CPU.Build.0 = Debug|Any CPU
		{506C1070-3138-4CE1-AC26-84C40C4EFB84}.Release|Any CPU.ActiveCfg = Release|Any CPU
		{506C1070-3138-4CE1-AC26-84C40C4EFB84}.Release|Any CPU.Build.0 = Release|Any CPU
		{35EEB121-877F-48C8-92CF-426F979C8E87}.Debug|Any CPU.ActiveCfg = Debug|Any CPU
		{35EEB121-877F-48C8-92CF-426F979C8E87}.Debug|Any CPU.Build.0 = Debug|Any CPU
		{35EEB121-877F-48C8-92CF-426F979C8E87}.Release|Any CPU.ActiveCfg = Release|Any CPU
		{35EEB121-877F-48C8-92CF-426F979C8E87}.Release|Any CPU.Build.0 = Release|Any CPU
		{69800FA6-8C56-4489-A5BE-3052DC56A98E}.Debug|Any CPU.ActiveCfg = Debug|Any CPU
		{69800FA6-8C56-4489-A5BE-3052DC56A98E}.Debug|Any CPU.Build.0 = Debug|Any CPU
		{69800FA6-8C56-4489-A5BE-3052DC56A98E}.Release|Any CPU.ActiveCfg = Release|Any CPU
		{69800FA6-8C56-4489-A5BE-3052DC56A98E}.Release|Any CPU.Build.0 = Release|Any CPU
		{390A895F-DA72-448A-A2E9-9168B12BD5E3}.Debug|Any CPU.ActiveCfg = Debug|Any CPU
		{390A895F-DA72-448A-A2E9-9168B12BD5E3}.Debug|Any CPU.Build.0 = Debug|Any CPU
		{390A895F-DA72-448A-A2E9-9168B12BD5E3}.Release|Any CPU.ActiveCfg = Release|Any CPU
		{390A895F-DA72-448A-A2E9-9168B12BD5E3}.Release|Any CPU.Build.0 = Release|Any CPU
		{B910EC26-7EEC-4290-8101-9A093798D4C9}.Debug|Any CPU.ActiveCfg = Debug|Any CPU
		{B910EC26-7EEC-4290-8101-9A093798D4C9}.Debug|Any CPU.Build.0 = Debug|Any CPU
		{B910EC26-7EEC-4290-8101-9A093798D4C9}.Release|Any CPU.ActiveCfg = Release|Any CPU
		{B910EC26-7EEC-4290-8101-9A093798D4C9}.Release|Any CPU.Build.0 = Release|Any CPU
		{907ADEF8-4A89-4F9A-BBB3-0655B6DBE998}.Debug|Any CPU.ActiveCfg = Debug|Any CPU
		{907ADEF8-4A89-4F9A-BBB3-0655B6DBE998}.Debug|Any CPU.Build.0 = Debug|Any CPU
		{907ADEF8-4A89-4F9A-BBB3-0655B6DBE998}.Release|Any CPU.ActiveCfg = Release|Any CPU
		{907ADEF8-4A89-4F9A-BBB3-0655B6DBE998}.Release|Any CPU.Build.0 = Release|Any CPU
		{B682D6C6-8D67-4ADA-B896-21716C86AD8B}.Debug|Any CPU.ActiveCfg = Debug|Any CPU
		{B682D6C6-8D67-4ADA-B896-21716C86AD8B}.Debug|Any CPU.Build.0 = Debug|Any CPU
		{B682D6C6-8D67-4ADA-B896-21716C86AD8B}.Release|Any CPU.ActiveCfg = Release|Any CPU
		{B682D6C6-8D67-4ADA-B896-21716C86AD8B}.Release|Any CPU.Build.0 = Release|Any CPU
		{1360E5B2-31CC-4748-B59B-28B46541D8C6}.Debug|Any CPU.ActiveCfg = Debug|Any CPU
		{1360E5B2-31CC-4748-B59B-28B46541D8C6}.Debug|Any CPU.Build.0 = Debug|Any CPU
		{1360E5B2-31CC-4748-B59B-28B46541D8C6}.Release|Any CPU.ActiveCfg = Release|Any CPU
		{1360E5B2-31CC-4748-B59B-28B46541D8C6}.Release|Any CPU.Build.0 = Release|Any CPU
		{BDA59615-1703-4AAE-B892-4FCF2AB11D94}.Debug|Any CPU.ActiveCfg = Debug|Any CPU
		{BDA59615-1703-4AAE-B892-4FCF2AB11D94}.Debug|Any CPU.Build.0 = Debug|Any CPU
		{BDA59615-1703-4AAE-B892-4FCF2AB11D94}.Release|Any CPU.ActiveCfg = Release|Any CPU
		{BDA59615-1703-4AAE-B892-4FCF2AB11D94}.Release|Any CPU.Build.0 = Release|Any CPU
		{49779DB0-C59E-458F-8F1F-53BFADAD110E}.Debug|Any CPU.ActiveCfg = Debug|Any CPU
		{49779DB0-C59E-458F-8F1F-53BFADAD110E}.Debug|Any CPU.Build.0 = Debug|Any CPU
		{49779DB0-C59E-458F-8F1F-53BFADAD110E}.Release|Any CPU.ActiveCfg = Release|Any CPU
		{49779DB0-C59E-458F-8F1F-53BFADAD110E}.Release|Any CPU.Build.0 = Release|Any CPU
		{29687275-6F88-4A45-8661-F0F637E51E81}.Debug|Any CPU.ActiveCfg = Debug|Any CPU
		{29687275-6F88-4A45-8661-F0F637E51E81}.Debug|Any CPU.Build.0 = Debug|Any CPU
		{29687275-6F88-4A45-8661-F0F637E51E81}.Release|Any CPU.ActiveCfg = Release|Any CPU
		{29687275-6F88-4A45-8661-F0F637E51E81}.Release|Any CPU.Build.0 = Release|Any CPU
		{545078C8-8593-4FA4-847B-C1CE8787AE4E}.Debug|Any CPU.ActiveCfg = Debug|Any CPU
		{545078C8-8593-4FA4-847B-C1CE8787AE4E}.Debug|Any CPU.Build.0 = Debug|Any CPU
		{545078C8-8593-4FA4-847B-C1CE8787AE4E}.Release|Any CPU.ActiveCfg = Release|Any CPU
		{545078C8-8593-4FA4-847B-C1CE8787AE4E}.Release|Any CPU.Build.0 = Release|Any CPU
		{5667C079-DC6A-48A5-BCB7-7BF0A4B2FBAF}.Debug|Any CPU.ActiveCfg = Debug|Any CPU
		{5667C079-DC6A-48A5-BCB7-7BF0A4B2FBAF}.Debug|Any CPU.Build.0 = Debug|Any CPU
		{5667C079-DC6A-48A5-BCB7-7BF0A4B2FBAF}.Release|Any CPU.ActiveCfg = Release|Any CPU
		{5667C079-DC6A-48A5-BCB7-7BF0A4B2FBAF}.Release|Any CPU.Build.0 = Release|Any CPU
		{9BBC296A-203A-4796-BBE3-417DFF98DF7A}.Debug|Any CPU.ActiveCfg = Debug|Any CPU
		{9BBC296A-203A-4796-BBE3-417DFF98DF7A}.Debug|Any CPU.Build.0 = Debug|Any CPU
		{9BBC296A-203A-4796-BBE3-417DFF98DF7A}.Release|Any CPU.ActiveCfg = Release|Any CPU
		{9BBC296A-203A-4796-BBE3-417DFF98DF7A}.Release|Any CPU.Build.0 = Release|Any CPU
		{C4A44DFA-0C42-49B0-8963-773CBECE583F}.Debug|Any CPU.ActiveCfg = Debug|Any CPU
		{C4A44DFA-0C42-49B0-8963-773CBECE583F}.Debug|Any CPU.Build.0 = Debug|Any CPU
		{C4A44DFA-0C42-49B0-8963-773CBECE583F}.Release|Any CPU.ActiveCfg = Release|Any CPU
		{C4A44DFA-0C42-49B0-8963-773CBECE583F}.Release|Any CPU.Build.0 = Release|Any CPU
		{9D38DF84-1DE8-494E-86F2-22773DFC0114}.Debug|Any CPU.ActiveCfg = Debug|Any CPU
		{9D38DF84-1DE8-494E-86F2-22773DFC0114}.Debug|Any CPU.Build.0 = Debug|Any CPU
		{9D38DF84-1DE8-494E-86F2-22773DFC0114}.Release|Any CPU.ActiveCfg = Release|Any CPU
		{9D38DF84-1DE8-494E-86F2-22773DFC0114}.Release|Any CPU.Build.0 = Release|Any CPU
		{5C165707-8791-47C6-9102-F74F61205CCA}.Debug|Any CPU.ActiveCfg = Debug|Any CPU
		{5C165707-8791-47C6-9102-F74F61205CCA}.Debug|Any CPU.Build.0 = Debug|Any CPU
		{5C165707-8791-47C6-9102-F74F61205CCA}.Release|Any CPU.ActiveCfg = Release|Any CPU
		{5C165707-8791-47C6-9102-F74F61205CCA}.Release|Any CPU.Build.0 = Release|Any CPU
		{491ECA6E-9C8A-4C36-A50E-FFF64158A66F}.Debug|Any CPU.ActiveCfg = Debug|Any CPU
		{491ECA6E-9C8A-4C36-A50E-FFF64158A66F}.Debug|Any CPU.Build.0 = Debug|Any CPU
		{491ECA6E-9C8A-4C36-A50E-FFF64158A66F}.Release|Any CPU.ActiveCfg = Release|Any CPU
		{491ECA6E-9C8A-4C36-A50E-FFF64158A66F}.Release|Any CPU.Build.0 = Release|Any CPU
		{E81F0D10-474A-491F-BF13-3CE1E33E4BF3}.Debug|Any CPU.ActiveCfg = Debug|Any CPU
		{E81F0D10-474A-491F-BF13-3CE1E33E4BF3}.Debug|Any CPU.Build.0 = Debug|Any CPU
		{E81F0D10-474A-491F-BF13-3CE1E33E4BF3}.Release|Any CPU.ActiveCfg = Release|Any CPU
		{E81F0D10-474A-491F-BF13-3CE1E33E4BF3}.Release|Any CPU.Build.0 = Release|Any CPU
	EndGlobalSection
	GlobalSection(SolutionProperties) = preSolution
		HideSolutionNode = FALSE
	EndGlobalSection
	GlobalSection(NestedProjects) = preSolution
		{74A698E9-8E57-489E-B39D-E26F5AFF54C1} = {CA8A242A-19FE-4136-A354-B0C06BF1EE5A}
		{A19B628A-0BFF-4B27-A3AE-C02A7D4011C9} = {74A698E9-8E57-489E-B39D-E26F5AFF54C1}
		{50299997-981A-47B6-A996-42213D059F50} = {99F6241C-47CA-4BE9-BB71-E1065A6E6B65}
		{8CA9A4EC-51AE-4502-A1D8-3CDD3FB87D88} = {CA8A242A-19FE-4136-A354-B0C06BF1EE5A}
		{FE8E11EE-BE7F-41C6-8211-56E99D83E827} = {CA8A242A-19FE-4136-A354-B0C06BF1EE5A}
		{D4D9EA6F-DEE9-4D28-9970-F0AD87B37A7B} = {CA8A242A-19FE-4136-A354-B0C06BF1EE5A}
		{F78A2059-85AA-44AE-9BDD-049EADDA9BDC} = {FE8E11EE-BE7F-41C6-8211-56E99D83E827}
		{1B215C7F-A9E2-4E76-9215-8A0FC2EF771F} = {8CA9A4EC-51AE-4502-A1D8-3CDD3FB87D88}
		{3223B629-5CC1-4CDE-A895-8EF6EB79950B} = {D4D9EA6F-DEE9-4D28-9970-F0AD87B37A7B}
		{0022A922-61E2-4C1D-A84C-25D8417015A7} = {D4D9EA6F-DEE9-4D28-9970-F0AD87B37A7B}
		{89B45774-7102-4A7F-A0B0-029C13D1F602} = {D4D9EA6F-DEE9-4D28-9970-F0AD87B37A7B}
		{95D64551-D3AB-4FD5-A437-D40E0407E835} = {D4D9EA6F-DEE9-4D28-9970-F0AD87B37A7B}
		{35523DB3-F7C9-4120-BE75-1D00E6805499} = {8CA9A4EC-51AE-4502-A1D8-3CDD3FB87D88}
		{506C1070-3138-4CE1-AC26-84C40C4EFB84} = {99F6241C-47CA-4BE9-BB71-E1065A6E6B65}
		{35EEB121-877F-48C8-92CF-426F979C8E87} = {99F6241C-47CA-4BE9-BB71-E1065A6E6B65}
		{69800FA6-8C56-4489-A5BE-3052DC56A98E} = {99F6241C-47CA-4BE9-BB71-E1065A6E6B65}
		{390A895F-DA72-448A-A2E9-9168B12BD5E3} = {99F6241C-47CA-4BE9-BB71-E1065A6E6B65}
		{B910EC26-7EEC-4290-8101-9A093798D4C9} = {99F6241C-47CA-4BE9-BB71-E1065A6E6B65}
		{907ADEF8-4A89-4F9A-BBB3-0655B6DBE998} = {99F6241C-47CA-4BE9-BB71-E1065A6E6B65}
		{B682D6C6-8D67-4ADA-B896-21716C86AD8B} = {99F6241C-47CA-4BE9-BB71-E1065A6E6B65}
		{1360E5B2-31CC-4748-B59B-28B46541D8C6} = {99F6241C-47CA-4BE9-BB71-E1065A6E6B65}
		{BDA59615-1703-4AAE-B892-4FCF2AB11D94} = {8CA9A4EC-51AE-4502-A1D8-3CDD3FB87D88}
		{49779DB0-C59E-458F-8F1F-53BFADAD110E} = {99F6241C-47CA-4BE9-BB71-E1065A6E6B65}
		{29687275-6F88-4A45-8661-F0F637E51E81} = {8CA9A4EC-51AE-4502-A1D8-3CDD3FB87D88}
		{545078C8-8593-4FA4-847B-C1CE8787AE4E} = {FE8E11EE-BE7F-41C6-8211-56E99D83E827}
		{5667C079-DC6A-48A5-BCB7-7BF0A4B2FBAF} = {99F6241C-47CA-4BE9-BB71-E1065A6E6B65}
		{9BBC296A-203A-4796-BBE3-417DFF98DF7A} = {99F6241C-47CA-4BE9-BB71-E1065A6E6B65}
		{C4A44DFA-0C42-49B0-8963-773CBECE583F} = {99F6241C-47CA-4BE9-BB71-E1065A6E6B65}
		{9D38DF84-1DE8-494E-86F2-22773DFC0114} = {99F6241C-47CA-4BE9-BB71-E1065A6E6B65}
		{5C165707-8791-47C6-9102-F74F61205CCA} = {74A698E9-8E57-489E-B39D-E26F5AFF54C1}
		{491ECA6E-9C8A-4C36-A50E-FFF64158A66F} = {FE8E11EE-BE7F-41C6-8211-56E99D83E827}
		{E81F0D10-474A-491F-BF13-3CE1E33E4BF3} = {D4D9EA6F-DEE9-4D28-9970-F0AD87B37A7B}
	EndGlobalSection
	GlobalSection(ExtensibilityGlobals) = postSolution
		SolutionGuid = {45FF2F00-709B-4A8B-93AC-5A41D2DFF3A6}
	EndGlobalSection
EndGlobal
